<?xml version="1.0" encoding="utf-8"?>
<Project ToolsVersion="4.0" xmlns="http://schemas.microsoft.com/developer/msbuild/2003">
  <ItemGroup>
    <Filter Include="sources">
      <UniqueIdentifier>{4FC737F1-C7A5-4376-A066-2A32D752A2FF}</UniqueIdentifier>
      <Extensions>cpp;c;cc;cxx;c++;cppm;ixx;def;odl;idl;hpj;bat;asm;asmx</Extensions>
    </Filter>
    <Filter Include="demo">
      <UniqueIdentifier>{c01b413b-627b-4447-aaf9-d4fc7a57b421}</UniqueIdentifier>
    </Filter>
    <Filter Include="sources\OS-ImGuiBase">
      <UniqueIdentifier>{5929bfe0-66c4-4264-a568-6d8e31233d38}</UniqueIdentifier>
    </Filter>
    <Filter Include="sources\imgui">
      <UniqueIdentifier>{93995380-89BD-4b04-88EB-625FBE52EBFB}</UniqueIdentifier>
      <Extensions>h;hh;hpp;hxx;h++;hm;inl;inc;ipp;xsd</Extensions>
    </Filter>
    <Filter Include="sources\MinHook">
      <UniqueIdentifier>{3e27f0d2-e9fb-4a3f-9e97-3294b4c060a4}</UniqueIdentifier>
    </Filter>
  </ItemGroup>
  <ItemGroup>
    <ClInclude Include="OS-ImGui.h">
      <Filter>sources</Filter>
    </ClInclude>
    <ClInclude Include="OS-ImGui_Struct.h">
      <Filter>sources</Filter>
    </ClInclude>
    <ClInclude Include="imgui\imconfig.h">
      <Filter>sources\imgui</Filter>
    </ClInclude>
    <ClInclude Include="imgui\imgui.h">
      <Filter>sources\imgui</Filter>
    </ClInclude>
    <ClInclude Include="imgui\imgui_impl_dx11.h">
      <Filter>sources\imgui</Filter>
    </ClInclude>
    <ClInclude Include="imgui\imgui_impl_win32.h">
      <Filter>sources\imgui</Filter>
    </ClInclude>
    <ClInclude Include="imgui\imgui_internal.h">
      <Filter>sources\imgui</Filter>
    </ClInclude>
    <ClInclude Include="imgui\imstb_rectpack.h">
      <Filter>sources\imgui</Filter>
    </ClInclude>
    <ClInclude Include="imgui\imstb_textedit.h">
      <Filter>sources\imgui</Filter>
    </ClInclude>
    <ClInclude Include="imgui\imstb_truetype.h">
      <Filter>sources\imgui</Filter>
    </ClInclude>
    <ClInclude Include="OS-ImGui_External.h">
      <Filter>sources\OS-ImGuiBase</Filter>
    </ClInclude>
    <ClInclude Include="OS-ImGui_Exception.hpp">
      <Filter>sources\OS-ImGuiBase</Filter>
    </ClInclude>
    <ClInclude Include="OS-ImGui_Base.h">
      <Filter>sources\OS-ImGuiBase</Filter>
    </ClInclude>
    <ClInclude Include="OS-ImGui_Internal.h">
      <Filter>sources\OS-ImGuiBase</Filter>
    </ClInclude>
    <ClInclude Include="Minhook\buffer.h">
      <Filter>sources\MinHook</Filter>
    </ClInclude>
    <ClInclude Include="Minhook\hde32.h">
      <Filter>sources\MinHook</Filter>
    </ClInclude>
    <ClInclude Include="Minhook\hde64.h">
      <Filter>sources\MinHook</Filter>
    </ClInclude>
    <ClInclude Include="Minhook\MinHook.h">
      <Filter>sources\MinHook</Filter>
    </ClInclude>
    <ClInclude Include="Minhook\pstdint.h">
      <Filter>sources\MinHook</Filter>
    </ClInclude>
    <ClInclude Include="Minhook\table32.h">
      <Filter>sources\MinHook</Filter>
    </ClInclude>
    <ClInclude Include="Minhook\table64.h">
      <Filter>sources\MinHook</Filter>
    </ClInclude>
    <ClInclude Include="Minhook\trampoline.h">
      <Filter>sources\MinHook</Filter>
    </ClInclude>
    <ClInclude Include="imgui\imgui_impl_dx9.h">
      <Filter>sources\imgui</Filter>
    </ClInclude>
  </ItemGroup>
  <ItemGroup>
    <ClCompile Include="main.cpp">
      <Filter>demo</Filter>
    </ClCompile>
    <ClCompile Include="OS-ImGui.cpp">
      <Filter>sources</Filter>
    </ClCompile>
    <ClCompile Include="imgui\imgui.cpp">
      <Filter>sources\imgui</Filter>
    </ClCompile>
    <ClCompile Include="imgui\imgui_demo.cpp">
      <Filter>sources\imgui</Filter>
    </ClCompile>
    <ClCompile Include="imgui\imgui_draw.cpp">
      <Filter>sources\imgui</Filter>
    </ClCompile>
    <ClCompile Include="imgui\imgui_impl_dx11.cpp">
      <Filter>sources\imgui</Filter>
    </ClCompile>
    <ClCompile Include="imgui\imgui_impl_win32.cpp">
      <Filter>sources\imgui</Filter>
    </ClCompile>
    <ClCompile Include="imgui\imgui_tables.cpp">
      <Filter>sources\imgui</Filter>
    </ClCompile>
    <ClCompile Include="imgui\imgui_widgets.cpp">
      <Filter>sources\imgui</Filter>
    </ClCompile>
    <ClCompile Include="OS-ImGui_External.cpp">
      <Filter>sources\OS-ImGuiBase</Filter>
    </ClCompile>
    <ClCompile Include="OS-ImGui_Base.cpp">
      <Filter>sources\OS-ImGuiBase</Filter>
    </ClCompile>
    <ClCompile Include="OS-ImGui_Internal.cpp">
      <Filter>sources\OS-ImGuiBase</Filter>
    </ClCompile>
    <ClCompile Include="Minhook\buffer.c">
      <Filter>sources\MinHook</Filter>
    </ClCompile>
    <ClCompile Include="Minhook\hde32.c">
      <Filter>sources\MinHook</Filter>
    </ClCompile>
    <ClCompile Include="Minhook\hde64.c">
      <Filter>sources\MinHook</Filter>
    </ClCompile>
    <ClCompile Include="Minhook\hook.c">
      <Filter>sources\MinHook</Filter>
    </ClCompile>
    <ClCompile Include="Minhook\trampoline.c">
      <Filter>sources\MinHook</Filter>
    </ClCompile>
    <ClCompile Include="imgui\imgui_impl_dx9.cpp">
      <Filter>sources\imgui</Filter>
    </ClCompile>
  </ItemGroup>
  <ItemGroup>
    <None Include="Minhook\MinHook.def">
      <Filter>sources\MinHook</Filter>
    </None>
  </ItemGroup>
</Project>